
Microsoft Visual Studio Solution File, Format Version 12.00
# Visual Studio Version 17
VisualStudioVersion = 17.3.32819.101
MinimumVisualStudioVersion = 10.0.40219.1
Project("{9A19103F-16F7-4668-BE54-9A1E7A4F7556}") = "ExceptionHandler", "ErrorHandler\ExceptionHandler.csproj", "{410DBFD6-CD8C-41B1-9F46-ABD25123EE34}"
EndProject
Project("{9A19103F-16F7-4668-BE54-9A1E7A4F7556}") = "ExceptionHandlerSandbox", "ErrorHandlerSandbox\ExceptionHandlerSandbox.csproj", "{BFEA11D8-5BFC-4F02-B74C-416F99BA385C}"
EndProject
Project("{FAE04EC0-301F-11D3-BF4B-00C04F79EFBC}") = "ExceptionHandler.Unit.Tests", "ErrorHandler.Unit.Tests\ExceptionHandler.Unit.Tests.csproj", "{EF1F4F16-0E66-40E6-B076-F5CC0B4D116F}"
EndProject
Global
	GlobalSection(SolutionConfigurationPlatforms) = preSolution
		Debug|Any CPU = Debug|Any CPU
		Release|Any CPU = Release|Any CPU
	EndGlobalSection
	GlobalSection(ProjectConfigurationPlatforms) = postSolution
		{410DBFD6-CD8C-41B1-9F46-ABD25123EE34}.Debug|Any CPU.ActiveCfg = Debug|Any CPU
		{410DBFD6-CD8C-41B1-9F46-ABD25123EE34}.Debug|Any CPU.Build.0 = Debug|Any CPU
		{410DBFD6-CD8C-41B1-9F46-ABD25123EE34}.Release|Any CPU.ActiveCfg = Release|Any CPU
		{410DBFD6-CD8C-41B1-9F46-ABD25123EE34}.Release|Any CPU.Build.0 = Release|Any CPU
		{BFEA11D8-5BFC-4F02-B74C-416F99BA385C}.Debug|Any CPU.ActiveCfg = Debug|Any CPU
		{BFEA11D8-5BFC-4F02-B74C-416F99BA385C}.Debug|Any CPU.Build.0 = Debug|Any CPU
		{BFEA11D8-5BFC-4F02-B74C-416F99BA385C}.Release|Any CPU.ActiveCfg = Release|Any CPU
		{BFEA11D8-5BFC-4F02-B74C-416F99BA385C}.Release|Any CPU.Build.0 = Release|Any CPU
		{EF1F4F16-0E66-40E6-B076-F5CC0B4D116F}.Debug|Any CPU.ActiveCfg = Debug|Any CPU
		{EF1F4F16-0E66-40E6-B076-F5CC0B4D116F}.Debug|Any CPU.Build.0 = Debug|Any CPU
		{EF1F4F16-0E66-40E6-B076-F5CC0B4D116F}.Release|Any CPU.ActiveCfg = Release|Any CPU
		{EF1F4F16-0E66-40E6-B076-F5CC0B4D116F}.Release|Any CPU.Build.0 = Release|Any CPU
	EndGlobalSection
	GlobalSection(SolutionProperties) = preSolution
		HideSolutionNode = FALSE
	EndGlobalSection
	GlobalSection(ExtensibilityGlobals) = postSolution
		SolutionGuid = {9CDFFC4E-0C34-4B76-96EA-A3DB18A74030}
	EndGlobalSection
EndGlobal
